// !$*UTF8*$!
{
	archiveVersion = 1;
	classes = {
	};
	objectVersion = 48;
	objects = {

/* Begin PBXBuildFile section */
		204DA4331E6BD1FF00703B72 /* css in Resources */ = {isa = PBXBuildFile; fileRef = 204DA4321E6BD1FF00703B72 /* css */; };
		204DA4351E6BD23300703B72 /* images in Resources */ = {isa = PBXBuildFile; fileRef = 204DA4341E6BD23300703B72 /* images */; };
		20B8B5F21E6A93E2004144F2 /* main.m in Sources */ = {isa = PBXBuildFile; fileRef = 20B8B5F11E6A93E2004144F2 /* main.m */; };
		20B8B5F51E6A93E2004144F2 /* AppDelegate.m in Sources */ = {isa = PBXBuildFile; fileRef = 20B8B5F41E6A93E2004144F2 /* AppDelegate.m */; };
		20B8B5F81E6A93E2004144F2 /* ViewController.m in Sources */ = {isa = PBXBuildFile; fileRef = 20B8B5F71E6A93E2004144F2 /* ViewController.m */; };
		20B8B5FB1E6A93E2004144F2 /* Main.storyboard in Resources */ = {isa = PBXBuildFile; fileRef = 20B8B5F91E6A93E2004144F2 /* Main.storyboard */; };
		20B8B5FD1E6A93E2004144F2 /* Assets.xcassets in Resources */ = {isa = PBXBuildFile; fileRef = 20B8B5FC1E6A93E2004144F2 /* Assets.xcassets */; };
		20B8B6001E6A93E2004144F2 /* LaunchScreen.storyboard in Resources */ = {isa = PBXBuildFile; fileRef = 20B8B5FE1E6A93E2004144F2 /* LaunchScreen.storyboard */; };
		20B8B60B1E6A93E2004144F2 /* turbo_webviewTests.m in Sources */ = {isa = PBXBuildFile; fileRef = 20B8B60A1E6A93E2004144F2 /* turbo_webviewTests.m */; };
		20B8B6161E6A93E2004144F2 /* turbo_webviewUITests.m in Sources */ = {isa = PBXBuildFile; fileRef = 20B8B6151E6A93E2004144F2 /* turbo_webviewUITests.m */; };
		20B8B6281E6B0C82004144F2 /* MyWebViewController.m in Sources */ = {isa = PBXBuildFile; fileRef = 20B8B6261E6B0C82004144F2 /* MyWebViewController.m */; };
		20B8B6291E6B0C82004144F2 /* MyWebViewController.xib in Resources */ = {isa = PBXBuildFile; fileRef = 20B8B6271E6B0C82004144F2 /* MyWebViewController.xib */; };
		20B8B6671E6B2B6E004144F2 /* index.html in Resources */ = {isa = PBXBuildFile; fileRef = 20B8B6641E6B2B6E004144F2 /* index.html */; };
		20B8B6681E6B2B6E004144F2 /* js in Resources */ = {isa = PBXBuildFile; fileRef = 20B8B6651E6B2B6E004144F2 /* js */; };
/* End PBXBuildFile section */

/* Begin PBXContainerItemProxy section */
		20B8B6071E6A93E2004144F2 /* PBXContainerItemProxy */ = {
			isa = PBXContainerItemProxy;
			containerPortal = 20B8B5E51E6A93E1004144F2 /* Project object */;
			proxyType = 1;
			remoteGlobalIDString = 20B8B5EC1E6A93E1004144F2;
			remoteInfo = turbo_webview;
		};
		20B8B6121E6A93E2004144F2 /* PBXContainerItemProxy */ = {
			isa = PBXContainerItemProxy;
			containerPortal = 20B8B5E51E6A93E1004144F2 /* Project object */;
			proxyType = 1;
			remoteGlobalIDString = 20B8B5EC1E6A93E1004144F2;
			remoteInfo = turbo_webview;
		};
/* End PBXContainerItemProxy section */

/* Begin PBXFileReference section */
		204DA4321E6BD1FF00703B72 /* css */ = {isa = PBXFileReference; lastKnownFileType = folder; name = css; path = Resources/css; sourceTree = "<group>"; };
		204DA4341E6BD23300703B72 /* images */ = {isa = PBXFileReference; lastKnownFileType = folder; name = images; path = Resources/images; sourceTree = "<group>"; };
		20B8B5ED1E6A93E2004144F2 /* turbo_webview.app */ = {isa = PBXFileReference; explicitFileType = wrapper.application; includeInIndex = 0; path = turbo_webview.app; sourceTree = BUILT_PRODUCTS_DIR; };
		20B8B5F11E6A93E2004144F2 /* main.m */ = {isa = PBXFileReference; lastKnownFileType = sourcecode.c.objc; path = main.m; sourceTree = "<group>"; };
		20B8B5F31E6A93E2004144F2 /* AppDelegate.h */ = {isa = PBXFileReference; lastKnownFileType = sourcecode.c.h; path = AppDelegate.h; sourceTree = "<group>"; };
		20B8B5F41E6A93E2004144F2 /* AppDelegate.m */ = {isa = PBXFileReference; lastKnownFileType = sourcecode.c.objc; path = AppDelegate.m; sourceTree = "<group>"; };
		20B8B5F61E6A93E2004144F2 /* ViewController.h */ = {isa = PBXFileReference; lastKnownFileType = sourcecode.c.h; path = ViewController.h; sourceTree = "<group>"; };
		20B8B5F71E6A93E2004144F2 /* ViewController.m */ = {isa = PBXFileReference; lastKnownFileType = sourcecode.c.objc; path = ViewController.m; sourceTree = "<group>"; };
		20B8B5FA1E6A93E2004144F2 /* Base */ = {isa = PBXFileReference; lastKnownFileType = file.storyboard; name = Base; path = Base.lproj/Main.storyboard; sourceTree = "<group>"; };
		20B8B5FC1E6A93E2004144F2 /* Assets.xcassets */ = {isa = PBXFileReference; lastKnownFileType = folder.assetcatalog; path = Assets.xcassets; sourceTree = "<group>"; };
		20B8B5FF1E6A93E2004144F2 /* Base */ = {isa = PBXFileReference; lastKnownFileType = file.storyboard; name = Base; path = Base.lproj/LaunchScreen.storyboard; sourceTree = "<group>"; };
		20B8B6011E6A93E2004144F2 /* Info.plist */ = {isa = PBXFileReference; lastKnownFileType = text.plist.xml; path = Info.plist; sourceTree = "<group>"; };
		20B8B6061E6A93E2004144F2 /* turbo_webviewTests.xctest */ = {isa = PBXFileReference; explicitFileType = wrapper.cfbundle; includeInIndex = 0; path = turbo_webviewTests.xctest; sourceTree = BUILT_PRODUCTS_DIR; };
		20B8B60A1E6A93E2004144F2 /* turbo_webviewTests.m */ = {isa = PBXFileReference; lastKnownFileType = sourcecode.c.objc; path = turbo_webviewTests.m; sourceTree = "<group>"; };
		20B8B60C1E6A93E2004144F2 /* Info.plist */ = {isa = PBXFileReference; lastKnownFileType = text.plist.xml; path = Info.plist; sourceTree = "<group>"; };
		20B8B6111E6A93E2004144F2 /* turbo_webviewUITests.xctest */ = {isa = PBXFileReference; explicitFileType = wrapper.cfbundle; includeInIndex = 0; path = turbo_webviewUITests.xctest; sourceTree = BUILT_PRODUCTS_DIR; };
		20B8B6151E6A93E2004144F2 /* turbo_webviewUITests.m */ = {isa = PBXFileReference; lastKnownFileType = sourcecode.c.objc; path = turbo_webviewUITests.m; sourceTree = "<group>"; };
		20B8B6171E6A93E2004144F2 /* Info.plist */ = {isa = PBXFileReference; lastKnownFileType = text.plist.xml; path = Info.plist; sourceTree = "<group>"; };
		20B8B6251E6B0C82004144F2 /* MyWebViewController.h */ = {isa = PBXFileReference; fileEncoding = 4; lastKnownFileType = sourcecode.c.h; name = MyWebViewController.h; path = ../MyWebViewController.h; sourceTree = "<group>"; };
		20B8B6261E6B0C82004144F2 /* MyWebViewController.m */ = {isa = PBXFileReference; fileEncoding = 4; lastKnownFileType = sourcecode.c.objc; name = MyWebViewController.m; path = ../MyWebViewController.m; sourceTree = "<group>"; };
		20B8B6271E6B0C82004144F2 /* MyWebViewController.xib */ = {isa = PBXFileReference; fileEncoding = 4; lastKnownFileType = file.xib; name = MyWebViewController.xib; path = ../MyWebViewController.xib; sourceTree = "<group>"; };
		20B8B6641E6B2B6E004144F2 /* index.html */ = {isa = PBXFileReference; fileEncoding = 4; lastKnownFileType = text.html; name = index.html; path = Resources/index.html; sourceTree = "<group>"; };
		20B8B6651E6B2B6E004144F2 /* js */ = {isa = PBXFileReference; lastKnownFileType = folder; name = js; path = Resources/js; sourceTree = "<group>"; };
/* End PBXFileReference section */

/* Begin PBXFrameworksBuildPhase section */
		20B8B5EA1E6A93E1004144F2 /* Frameworks */ = {
			isa = PBXFrameworksBuildPhase;
			buildActionMask = 2147483647;
			files = (
			);
			runOnlyForDeploymentPostprocessing = 0;
		};
		20B8B6031E6A93E2004144F2 /* Frameworks */ = {
			isa = PBXFrameworksBuildPhase;
			buildActionMask = 2147483647;
			files = (
			);
			runOnlyForDeploymentPostprocessing = 0;
		};
		20B8B60E1E6A93E2004144F2 /* Frameworks */ = {
			isa = PBXFrameworksBuildPhase;
			buildActionMask = 2147483647;
			files = (
			);
			runOnlyForDeploymentPostprocessing = 0;
		};
/* End PBXFrameworksBuildPhase section */

/* Begin PBXGroup section */
		20B8B5E41E6A93E1004144F2 = {
			isa = PBXGroup;
			children = (
				20B8B5EF1E6A93E2004144F2 /* turbo_webview */,
				20B8B6091E6A93E2004144F2 /* turbo_webviewTests */,
				20B8B6141E6A93E2004144F2 /* turbo_webviewUITests */,
				20B8B5EE1E6A93E2004144F2 /* Products */,
			);
			sourceTree = "<group>";
		};
		20B8B5EE1E6A93E2004144F2 /* Products */ = {
			isa = PBXGroup;
			children = (
				20B8B5ED1E6A93E2004144F2 /* turbo_webview.app */,
				20B8B6061E6A93E2004144F2 /* turbo_webviewTests.xctest */,
				20B8B6111E6A93E2004144F2 /* turbo_webviewUITests.xctest */,
			);
			name = Products;
			sourceTree = "<group>";
		};
		20B8B5EF1E6A93E2004144F2 /* turbo_webview */ = {
			isa = PBXGroup;
			children = (
				20B8B5F31E6A93E2004144F2 /* AppDelegate.h */,
				20B8B5F41E6A93E2004144F2 /* AppDelegate.m */,
				20B8B6251E6B0C82004144F2 /* MyWebViewController.h */,
				20B8B6261E6B0C82004144F2 /* MyWebViewController.m */,
				20B8B6271E6B0C82004144F2 /* MyWebViewController.xib */,
				20B8B5F61E6A93E2004144F2 /* ViewController.h */,
				20B8B5F71E6A93E2004144F2 /* ViewController.m */,
				20B8B5F91E6A93E2004144F2 /* Main.storyboard */,
				20B8B5FC1E6A93E2004144F2 /* Assets.xcassets */,
				20B8B5FE1E6A93E2004144F2 /* LaunchScreen.storyboard */,
				20B8B6011E6A93E2004144F2 /* Info.plist */,
				20B8B62A1E6B182A004144F2 /* Resources */,
				20B8B5F01E6A93E2004144F2 /* Supporting Files */,
			);
			path = turbo_webview;
			sourceTree = "<group>";
		};
		20B8B5F01E6A93E2004144F2 /* Supporting Files */ = {
			isa = PBXGroup;
			children = (
				20B8B5F11E6A93E2004144F2 /* main.m */,
			);
			name = "Supporting Files";
			sourceTree = "<group>";
		};
		20B8B6091E6A93E2004144F2 /* turbo_webviewTests */ = {
			isa = PBXGroup;
			children = (
				20B8B60A1E6A93E2004144F2 /* turbo_webviewTests.m */,
				20B8B60C1E6A93E2004144F2 /* Info.plist */,
			);
			path = turbo_webviewTests;
			sourceTree = "<group>";
		};
		20B8B6141E6A93E2004144F2 /* turbo_webviewUITests */ = {
			isa = PBXGroup;
			children = (
				20B8B6151E6A93E2004144F2 /* turbo_webviewUITests.m */,
				20B8B6171E6A93E2004144F2 /* Info.plist */,
			);
			path = turbo_webviewUITests;
			sourceTree = "<group>";
		};
		20B8B62A1E6B182A004144F2 /* Resources */ = {
			isa = PBXGroup;
			children = (
				204DA4321E6BD1FF00703B72 /* css */,
				204DA4341E6BD23300703B72 /* images */,
				20B8B6651E6B2B6E004144F2 /* js */,
				20B8B6641E6B2B6E004144F2 /* index.html */,
			);
			name = Resources;
			sourceTree = "<group>";
		};
/* End PBXGroup section */

/* Begin PBXNativeTarget section */
		20B8B5EC1E6A93E1004144F2 /* turbo_webview */ = {
			isa = PBXNativeTarget;
			buildConfigurationList = 20B8B61A1E6A93E2004144F2 /* Build configuration list for PBXNativeTarget "turbo_webview" */;
			buildPhases = (
				20B8B5E91E6A93E1004144F2 /* Sources */,
				20B8B5EA1E6A93E1004144F2 /* Frameworks */,
				20B8B5EB1E6A93E1004144F2 /* Resources */,
			);
			buildRules = (
			);
			dependencies = (
			);
			name = turbo_webview;
			productName = turbo_webview;
			productReference = 20B8B5ED1E6A93E2004144F2 /* turbo_webview.app */;
			productType = "com.apple.product-type.application";
		};
		20B8B6051E6A93E2004144F2 /* turbo_webviewTests */ = {
			isa = PBXNativeTarget;
			buildConfigurationList = 20B8B61D1E6A93E2004144F2 /* Build configuration list for PBXNativeTarget "turbo_webviewTests" */;
			buildPhases = (
				20B8B6021E6A93E2004144F2 /* Sources */,
				20B8B6031E6A93E2004144F2 /* Frameworks */,
				20B8B6041E6A93E2004144F2 /* Resources */,
			);
			buildRules = (
			);
			dependencies = (
				20B8B6081E6A93E2004144F2 /* PBXTargetDependency */,
			);
			name = turbo_webviewTests;
			productName = turbo_webviewTests;
			productReference = 20B8B6061E6A93E2004144F2 /* turbo_webviewTests.xctest */;
			productType = "com.apple.product-type.bundle.unit-test";
		};
		20B8B6101E6A93E2004144F2 /* turbo_webviewUITests */ = {
			isa = PBXNativeTarget;
			buildConfigurationList = 20B8B6201E6A93E2004144F2 /* Build configuration list for PBXNativeTarget "turbo_webviewUITests" */;
			buildPhases = (
				20B8B60D1E6A93E2004144F2 /* Sources */,
				20B8B60E1E6A93E2004144F2 /* Frameworks */,
				20B8B60F1E6A93E2004144F2 /* Resources */,
			);
			buildRules = (
			);
			dependencies = (
				20B8B6131E6A93E2004144F2 /* PBXTargetDependency */,
			);
			name = turbo_webviewUITests;
			productName = turbo_webviewUITests;
			productReference = 20B8B6111E6A93E2004144F2 /* turbo_webviewUITests.xctest */;
			productType = "com.apple.product-type.bundle.ui-testing";
		};
/* End PBXNativeTarget section */

/* Begin PBXProject section */
		20B8B5E51E6A93E1004144F2 /* Project object */ = {
			isa = PBXProject;
			attributes = {
				LastUpgradeCheck = 0820;
				ORGANIZATIONNAME = Pepsilover;
				TargetAttributes = {
					20B8B5EC1E6A93E1004144F2 = {
						CreatedOnToolsVersion = 8.2.1;
						ProvisioningStyle = Automatic;
					};
					20B8B6051E6A93E2004144F2 = {
						CreatedOnToolsVersion = 8.2.1;
						ProvisioningStyle = Automatic;
						TestTargetID = 20B8B5EC1E6A93E1004144F2;
					};
					20B8B6101E6A93E2004144F2 = {
						CreatedOnToolsVersion = 8.2.1;
						ProvisioningStyle = Automatic;
						TestTargetID = 20B8B5EC1E6A93E1004144F2;
					};
				};
			};
			buildConfigurationList = 20B8B5E81E6A93E1004144F2 /* Build configuration list for PBXProject "turbo_webview" */;
			compatibilityVersion = "Xcode 8.0";
			developmentRegion = English;
			hasScannedForEncodings = 0;
			knownRegions = (
				en,
				Base,
			);
			mainGroup = 20B8B5E41E6A93E1004144F2;
			productRefGroup = 20B8B5EE1E6A93E2004144F2 /* Products */;
			projectDirPath = "";
			projectRoot = "";
			targets = (
				20B8B5EC1E6A93E1004144F2 /* turbo_webview */,
				20B8B6051E6A93E2004144F2 /* turbo_webviewTests */,
				20B8B6101E6A93E2004144F2 /* turbo_webviewUITests */,
			);
		};
/* End PBXProject section */

/* Begin PBXResourcesBuildPhase section */
		20B8B5EB1E6A93E1004144F2 /* Resources */ = {
			isa = PBXResourcesBuildPhase;
			buildActionMask = 2147483647;
			files = (
				20B8B6001E6A93E2004144F2 /* LaunchScreen.storyboard in Resources */,
				20B8B5FD1E6A93E2004144F2 /* Assets.xcassets in Resources */,
				20B8B6681E6B2B6E004144F2 /* js in Resources */,
				204DA4331E6BD1FF00703B72 /* css in Resources */,
				204DA4351E6BD23300703B72 /* images in Resources */,
				20B8B6671E6B2B6E004144F2 /* index.html in Resources */,
				20B8B5FB1E6A93E2004144F2 /* Main.storyboard in Resources */,
				20B8B6291E6B0C82004144F2 /* MyWebViewController.xib in Resources */,
			);
			runOnlyForDeploymentPostprocessing = 0;
		};
		20B8B6041E6A93E2004144F2 /* Resources */ = {
			isa = PBXResourcesBuildPhase;
			buildActionMask = 2147483647;
			files = (
			);
			runOnlyForDeploymentPostprocessing = 0;
		};
		20B8B60F1E6A93E2004144F2 /* Resources */ = {
			isa = PBXResourcesBuildPhase;
			buildActionMask = 2147483647;
			files = (
			);
			runOnlyForDeploymentPostprocessing = 0;
		};
/* End PBXResourcesBuildPhase section */

/* Begin PBXSourcesBuildPhase section */
		20B8B5E91E6A93E1004144F2 /* Sources */ = {
			isa = PBXSourcesBuildPhase;
			buildActionMask = 2147483647;
			files = (
				20B8B5F81E6A93E2004144F2 /* ViewController.m in Sources */,
				20B8B5F51E6A93E2004144F2 /* AppDelegate.m in Sources */,
				20B8B5F21E6A93E2004144F2 /* main.m in Sources */,
				20B8B6281E6B0C82004144F2 /* MyWebViewController.m in Sources */,
			);
			runOnlyForDeploymentPostprocessing = 0;
		};
		20B8B6021E6A93E2004144F2 /* Sources */ = {
			isa = PBXSourcesBuildPhase;
			buildActionMask = 2147483647;
			files = (
				20B8B60B1E6A93E2004144F2 /* turbo_webviewTests.m in Sources */,
			);
			runOnlyForDeploymentPostprocessing = 0;
		};
		20B8B60D1E6A93E2004144F2 /* Sources */ = {
			isa = PBXSourcesBuildPhase;
			buildActionMask = 2147483647;
			files = (
				20B8B6161E6A93E2004144F2 /* turbo_webviewUITests.m in Sources */,
			);
			runOnlyForDeploymentPostprocessing = 0;
		};
/* End PBXSourcesBuildPhase section */

/* Begin PBXTargetDependency section */
		20B8B6081E6A93E2004144F2 /* PBXTargetDependency */ = {
			isa = PBXTargetDependency;
			target = 20B8B5EC1E6A93E1004144F2 /* turbo_webview */;
			targetProxy = 20B8B6071E6A93E2004144F2 /* PBXContainerItemProxy */;
		};
		20B8B6131E6A93E2004144F2 /* PBXTargetDependency */ = {
			isa = PBXTargetDependency;
			target = 20B8B5EC1E6A93E1004144F2 /* turbo_webview */;
			targetProxy = 20B8B6121E6A93E2004144F2 /* PBXContainerItemProxy */;
		};
/* End PBXTargetDependency section */

/* Begin PBXVariantGroup section */
		20B8B5F91E6A93E2004144F2 /* Main.storyboard */ = {
			isa = PBXVariantGroup;
			children = (
				20B8B5FA1E6A93E2004144F2 /* Base */,
			);
			name = Main.storyboard;
			sourceTree = "<group>";
		};
		20B8B5FE1E6A93E2004144F2 /* LaunchScreen.storyboard */ = {
			isa = PBXVariantGroup;
			children = (
				20B8B5FF1E6A93E2004144F2 /* Base */,
			);
			name = LaunchScreen.storyboard;
			sourceTree = "<group>";
		};
/* End PBXVariantGroup section */

/* Begin XCBuildConfiguration section */
		20B8B6181E6A93E2004144F2 /* Debug */ = {
			isa = XCBuildConfiguration;
			buildSettings = {
				ALWAYS_SEARCH_USER_PATHS = NO;
				CLANG_ANALYZER_NONNULL = YES;
				CLANG_CXX_LANGUAGE_STANDARD = "gnu++0x";
				CLANG_CXX_LIBRARY = "libc++";
				CLANG_ENABLE_MODULES = YES;
				CLANG_ENABLE_OBJC_ARC = YES;
				CLANG_WARN_BOOL_CONVERSION = YES;
				CLANG_WARN_CONSTANT_CONVERSION = YES;
				CLANG_WARN_DIRECT_OBJC_ISA_USAGE = YES_ERROR;
				CLANG_WARN_DOCUMENTATION_COMMENTS = YES;
				CLANG_WARN_EMPTY_BODY = YES;
				CLANG_WARN_ENUM_CONVERSION = YES;
				CLANG_WARN_INFINITE_RECURSION = YES;
				CLANG_WARN_INT_CONVERSION = YES;
				CLANG_WARN_OBJC_ROOT_CLASS = YES_ERROR;
				CLANG_WARN_SUSPICIOUS_MOVE = YES;
				CLANG_WARN_UNREACHABLE_CODE = YES;
				CLANG_WARN__DUPLICATE_METHOD_MATCH = YES;
				CODE_SIGN_IDENTITY = "iPhone Developer";
				"CODE_SIGN_IDENTITY[sdk=iphoneos*]" = "iPhone Developer";
				COPY_PHASE_STRIP = NO;
				DEBUG_INFORMATION_FORMAT = dwarf;
				ENABLE_STRICT_OBJC_MSGSEND = YES;
				ENABLE_TESTABILITY = YES;
				GCC_C_LANGUAGE_STANDARD = gnu99;
				GCC_DYNAMIC_NO_PIC = NO;
				GCC_NO_COMMON_BLOCKS = YES;
				GCC_OPTIMIZATION_LEVEL = 0;
				GCC_PREPROCESSOR_DEFINITIONS = (
					"DEBUG=1",
					"$(inherited)",
				);
				GCC_WARN_64_TO_32_BIT_CONVERSION = YES;
				GCC_WARN_ABOUT_RETURN_TYPE = YES_ERROR;
				GCC_WARN_UNDECLARED_SELECTOR = YES;
				GCC_WARN_UNINITIALIZED_AUTOS = YES_AGGRESSIVE;
				GCC_WARN_UNUSED_FUNCTION = YES;
				GCC_WARN_UNUSED_VARIABLE = YES;
				IPHONEOS_DEPLOYMENT_TARGET = 8.0;
				MTL_ENABLE_DEBUG_INFO = YES;
				ONLY_ACTIVE_ARCH = YES;
				SDKROOT = iphoneos;
			};
			name = Debug;
		};
		20B8B6191E6A93E2004144F2 /* Release */ = {
			isa = XCBuildConfiguration;
			buildSettings = {
				ALWAYS_SEARCH_USER_PATHS = NO;
				CLANG_ANALYZER_NONNULL = YES;
				CLANG_CXX_LANGUAGE_STANDARD = "gnu++0x";
				CLANG_CXX_LIBRARY = "libc++";
				CLANG_ENABLE_MODULES = YES;
				CLANG_ENABLE_OBJC_ARC = YES;
				CLANG_WARN_BOOL_CONVERSION = YES;
				CLANG_WARN_CONSTANT_CONVERSION = YES;
				CLANG_WARN_DIRECT_OBJC_ISA_USAGE = YES_ERROR;
				CLANG_WARN_DOCUMENTATION_COMMENTS = YES;
				CLANG_WARN_EMPTY_BODY = YES;
				CLANG_WARN_ENUM_CONVERSION = YES;
				CLANG_WARN_INFINITE_RECURSION = YES;
				CLANG_WARN_INT_CONVERSION = YES;
				CLANG_WARN_OBJC_ROOT_CLASS = YES_ERROR;
				CLANG_WARN_SUSPICIOUS_MOVE = YES;
				CLANG_WARN_UNREACHABLE_CODE = YES;
				CLANG_WARN__DUPLICATE_METHOD_MATCH = YES;
				CODE_SIGN_IDENTITY = "iPhone Developer";
				"CODE_SIGN_IDENTITY[sdk=iphoneos*]" = "iPhone Developer";
				COPY_PHASE_STRIP = NO;
				DEBUG_INFORMATION_FORMAT = "dwarf-with-dsym";
				ENABLE_NS_ASSERTIONS = NO;
				ENABLE_STRICT_OBJC_MSGSEND = YES;
				GCC_C_LANGUAGE_STANDARD = gnu99;
				GCC_NO_COMMON_BLOCKS = YES;
				GCC_WARN_64_TO_32_BIT_CONVERSION = YES;
				GCC_WARN_ABOUT_RETURN_TYPE = YES_ERROR;
				GCC_WARN_UNDECLARED_SELECTOR = YES;
				GCC_WARN_UNINITIALIZED_AUTOS = YES_AGGRESSIVE;
				GCC_WARN_UNUSED_FUNCTION = YES;
				GCC_WARN_UNUSED_VARIABLE = YES;
				IPHONEOS_DEPLOYMENT_TARGET = 8.0;
				MTL_ENABLE_DEBUG_INFO = NO;
				SDKROOT = iphoneos;
				VALIDATE_PRODUCT = YES;
			};
			name = Release;
		};
		20B8B61B1E6A93E2004144F2 /* Debug */ = {
			isa = XCBuildConfiguration;
			buildSettings = {
				ASSETCATALOG_COMPILER_APPICON_NAME = AppIcon;
				DEVELOPMENT_TEAM = 833PRQ253K;
				INFOPLIST_FILE = turbo_webview/Info.plist;
				LD_RUNPATH_SEARCH_PATHS = "$(inherited) @executable_path/Frameworks";
				PRODUCT_BUNDLE_IDENTIFIER = "com.debug.turbo-webview";
				PRODUCT_NAME = "$(TARGET_NAME)";
			};
			name = Debug;
		};
		20B8B61C1E6A93E2004144F2 /* Release */ = {
			isa = XCBuildConfiguration;
			buildSettings = {
				ASSETCATALOG_COMPILER_APPICON_NAME = AppIcon;
				DEVELOPMENT_TEAM = 833PRQ253K;
				INFOPLIST_FILE = turbo_webview/Info.plist;
				LD_RUNPATH_SEARCH_PATHS = "$(inherited) @executable_path/Frameworks";
				PRODUCT_BUNDLE_IDENTIFIER = "com.debug.turbo-webview";
				PRODUCT_NAME = "$(TARGET_NAME)";
			};
			name = Release;
		};
		20B8B61E1E6A93E2004144F2 /* Debug */ = {
			isa = XCBuildConfiguration;
			buildSettings = {
				BUNDLE_LOADER = "$(TEST_HOST)";
				INFOPLIST_FILE = turbo_webviewTests/Info.plist;
				LD_RUNPATH_SEARCH_PATHS = "$(inherited) @executable_path/Frameworks @loader_path/Frameworks";
				PRODUCT_BUNDLE_IDENTIFIER = "com.debug.turbo-webviewTests";
				PRODUCT_NAME = "$(TARGET_NAME)";
				TEST_HOST = "$(BUILT_PRODUCTS_DIR)/turbo_webview.app/turbo_webview";
			};
			name = Debug;
		};
		20B8B61F1E6A93E2004144F2 /* Release */ = {
			isa = XCBuildConfiguration;
			buildSettings = {
				BUNDLE_LOADER = "$(TEST_HOST)";
				INFOPLIST_FILE = turbo_webviewTests/Info.plist;
				LD_RUNPATH_SEARCH_PATHS = "$(inherited) @executable_path/Frameworks @loader_path/Frameworks";
				PRODUCT_BUNDLE_IDENTIFIER = "com.debug.turbo-webviewTests";
				PRODUCT_NAME = "$(TARGET_NAME)";
				TEST_HOST = "$(BUILT_PRODUCTS_DIR)/turbo_webview.app/turbo_webview";
			};
			name = Release;
		};
		20B8B6211E6A93E2004144F2 /* Debug */ = {
			isa = XCBuildConfiguration;
			buildSettings = {
				INFOPLIST_FILE = turbo_webviewUITests/Info.plist;
				LD_RUNPATH_SEARCH_PATHS = "$(inherited) @executable_path/Frameworks @loader_path/Frameworks";
				PRODUCT_BUNDLE_IDENTIFIER = "com.debug.turbo-webviewUITests";
				PRODUCT_NAME = "$(TARGET_NAME)";
				TEST_TARGET_NAME = turbo_webview;
			};
			name = Debug;
		};
		20B8B6221E6A93E2004144F2 /* Release */ = {
			isa = XCBuildConfiguration;
			buildSettings = {
				INFOPLIST_FILE = turbo_webviewUITests/Info.plist;
				LD_RUNPATH_SEARCH_PATHS = "$(inherited) @executable_path/Frameworks @loader_path/Frameworks";
				PRODUCT_BUNDLE_IDENTIFIER = "com.debug.turbo-webviewUITests";
				PRODUCT_NAME = "$(TARGET_NAME)";
				TEST_TARGET_NAME = turbo_webview;
			};
			name = Release;
		};
/* End XCBuildConfiguration section */

/* Begin XCConfigurationList section */
		20B8B5E81E6A93E1004144F2 /* Build configuration list for PBXProject "turbo_webview" */ = {
			isa = XCConfigurationList;
			buildConfigurations = (
				20B8B6181E6A93E2004144F2 /* Debug */,
				20B8B6191E6A93E2004144F2 /* Release */,
			);
			defaultConfigurationIsVisible = 0;
			defaultConfigurationName = Release;
		};
		20B8B61A1E6A93E2004144F2 /* Build configuration list for PBXNativeTarget "turbo_webview" */ = {
			isa = XCConfigurationList;
			buildConfigurations = (
				20B8B61B1E6A93E2004144F2 /* Debug */,
				20B8B61C1E6A93E2004144F2 /* Release */,
			);
			defaultConfigurationIsVisible = 0;
			defaultConfigurationName = Release;
		};
		20B8B61D1E6A93E2004144F2 /* Build configuration list for PBXNativeTarget "turbo_webviewTests" */ = {
			isa = XCConfigurationList;
			buildConfigurations = (
				20B8B61E1E6A93E2004144F2 /* Debug */,
				20B8B61F1E6A93E2004144F2 /* Release */,
			);
			defaultConfigurationIsVisible = 0;
			defaultConfigurationName = Release;
		};
		20B8B6201E6A93E2004144F2 /* Build configuration list for PBXNativeTarget "turbo_webviewUITests" */ = {
			isa = XCConfigurationList;
			buildConfigurations = (
				20B8B6211E6A93E2004144F2 /* Debug */,
				20B8B6221E6A93E2004144F2 /* Release */,
			);
			defaultConfigurationIsVisible = 0;
			defaultConfigurationName = Release;
		};
/* End XCConfigurationList section */
	};
	rootObject = 20B8B5E51E6A93E1004144F2 /* Project object */;
}
